Microsoft Visual Studio Solution File, Format Version 12.00
# Visual Studio Version 17
VisualStudioVersion = 17.5.2.0
MinimumVisualStudioVersion = 10.0.40219.1
Project("{2150E333-8FDC-42A3-9474-1A3956D46DE8}") = "host", "host", "{7226ABEA-787E-1D09-10EA-A2ECF996D6A6}"
EndProject
Project("{2150E333-8FDC-42A3-9474-1A3956D46DE8}") = "src", "src", "{827E0CD3-B72D-47B6-A68D-7590B98EB39B}"
EndProject
Project("{2150E333-8FDC-42A3-9474-1A3956D46DE8}") = "test", "test", "{0C88DD14-F956-CE84-757C-A364CCF449FC}"
EndProject
Project("{FAE04EC0-301F-11D3-BF4B-00C04F79EFBC}") = "Volo.CmsKit.Host.Shared", "host\Volo.CmsKit.Host.Shared\Volo.CmsKit.Host.Shared.csproj", "{A9DC1FBA-7968-8F30-AA30-35EACD71327C}"
EndProject
Project("{FAE04EC0-301F-11D3-BF4B-00C04F79EFBC}") = "Volo.CmsKit.HttpApi.Host", "host\Volo.CmsKit.HttpApi.Host\Volo.CmsKit.HttpApi.Host.csproj", "{8F44EA7D-3DE9-E1F1-F608-ED6AEB437AC8}"
EndProject
Project("{FAE04EC0-301F-11D3-BF4B-00C04F79EFBC}") = "Volo.CmsKit.IdentityServer", "host\Volo.CmsKit.IdentityServer\Volo.CmsKit.IdentityServer.csproj", "{5EC2BB25-1F9B-6343-4C96-DA36B9085C7F}"
EndProject
Project("{FAE04EC0-301F-11D3-BF4B-00C04F79EFBC}") = "Volo.CmsKit.Web.Host", "host\Volo.CmsKit.Web.Host\Volo.CmsKit.Web.Host.csproj", "{2193314A-0C18-AAEB-BE8A-BB02B4AE8531}"
EndProject
Project("{FAE04EC0-301F-11D3-BF4B-00C04F79EFBC}") = "Volo.CmsKit.Web.Unified", "host\Volo.CmsKit.Web.Unified\Volo.CmsKit.Web.Unified.csproj", "{60B47F91-BA1E-B2E5-0DC7-AC8351C77EBA}"
EndProject
Project("{FAE04EC0-301F-11D3-BF4B-00C04F79EFBC}") = "Volo.CmsKit.Admin.Application", "src\Volo.CmsKit.Admin.Application\Volo.CmsKit.Admin.Application.csproj", "{17FE7DA3-E53F-8D6A-9F3F-C25904588681}"
EndProject
Project("{FAE04EC0-301F-11D3-BF4B-00C04F79EFBC}") = "Volo.CmsKit.Admin.Application.Contracts", "src\Volo.CmsKit.Admin.Application.Contracts\Volo.CmsKit.Admin.Application.Contracts.csproj", "{C852CE12-93C9-2846-177D-241DFDFF942D}"
EndProject
Project("{FAE04EC0-301F-11D3-BF4B-00C04F79EFBC}") = "Volo.CmsKit.Admin.HttpApi", "src\Volo.CmsKit.Admin.HttpApi\Volo.CmsKit.Admin.HttpApi.csproj", "{D8704107-B56F-43BD-0157-A46A063CE56B}"
EndProject
Project("{FAE04EC0-301F-11D3-BF4B-00C04F79EFBC}") = "Volo.CmsKit.Admin.HttpApi.Client", "src\Volo.CmsKit.Admin.HttpApi.Client\Volo.CmsKit.Admin.HttpApi.Client.csproj", "{9CE59B6F-A512-EB67-A25D-5CBE2C2E0FDD}"
EndProject
Project("{FAE04EC0-301F-11D3-BF4B-00C04F79EFBC}") = "Volo.CmsKit.Admin.Web", "src\Volo.CmsKit.Admin.Web\Volo.CmsKit.Admin.Web.csproj", "{27595C60-AB60-C475-05C9-C0CFA2FCECA4}"
EndProject
Project("{FAE04EC0-301F-11D3-BF4B-00C04F79EFBC}") = "Volo.CmsKit.Application", "src\Volo.CmsKit.Application\Volo.CmsKit.Application.csproj", "{B75D1AC8-0C03-FA2F-3928-52E810670B2C}"
EndProject
Project("{FAE04EC0-301F-11D3-BF4B-00C04F79EFBC}") = "Volo.CmsKit.Application.Contracts", "src\Volo.CmsKit.Application.Contracts\Volo.CmsKit.Application.Contracts.csproj", "{BFF50C96-A25E-D488-0487-DE7672766C5C}"
EndProject
Project("{FAE04EC0-301F-11D3-BF4B-00C04F79EFBC}") = "Volo.CmsKit.Common.Application", "src\Volo.CmsKit.Common.Application\Volo.CmsKit.Common.Application.csproj", "{169F8B89-E3E3-7508-C8F7-4A6AA0B08AD2}"
EndProject
Project("{FAE04EC0-301F-11D3-BF4B-00C04F79EFBC}") = "Volo.CmsKit.Common.Application.Contracts", "src\Volo.CmsKit.Common.Application.Contracts\Volo.CmsKit.Common.Application.Contracts.csproj", "{0A6C519A-FA96-D569-4786-171588F8A095}"
EndProject
Project("{FAE04EC0-301F-11D3-BF4B-00C04F79EFBC}") = "Volo.CmsKit.Common.HttpApi", "src\Volo.CmsKit.Common.HttpApi\Volo.CmsKit.Common.HttpApi.csproj", "{39DF53AD-FAFC-6C14-A239-F3C5E7CA217D}"
EndProject
Project("{FAE04EC0-301F-11D3-BF4B-00C04F79EFBC}") = "Volo.CmsKit.Common.HttpApi.Client", "src\Volo.CmsKit.Common.HttpApi.Client\Volo.CmsKit.Common.HttpApi.Client.csproj", "{D599E3FF-9217-396F-9A94-46E4BC7AAAA2}"
EndProject
Project("{FAE04EC0-301F-11D3-BF4B-00C04F79EFBC}") = "Volo.CmsKit.Common.Web", "src\Volo.CmsKit.Common.Web\Volo.CmsKit.Common.Web.csproj", "{14318BAB-AAFD-D198-8AB5-2AAEE82B2F74}"
EndProject
Project("{FAE04EC0-301F-11D3-BF4B-00C04F79EFBC}") = "Volo.CmsKit.Domain", "src\Volo.CmsKit.Domain\Volo.CmsKit.Domain.csproj", "{3CEC476B-7EFD-9B81-543A-9DBF63C16570}"
EndProject
Project("{FAE04EC0-301F-11D3-BF4B-00C04F79EFBC}") = "Volo.CmsKit.Domain.Shared", "src\Volo.CmsKit.Domain.Shared\Volo.CmsKit.Domain.Shared.csproj", "{1952D205-F32E-5DA1-355A-B127D494C259}"
EndProject
Project("{FAE04EC0-301F-11D3-BF4B-00C04F79EFBC}") = "Volo.CmsKit.EntityFrameworkCore", "src\Volo.CmsKit.EntityFrameworkCore\Volo.CmsKit.EntityFrameworkCore.csproj", "{2DE47304-B2D7-03EA-6B13-6AEAA9DF20ED}"
EndProject
Project("{FAE04EC0-301F-11D3-BF4B-00C04F79EFBC}") = "Volo.CmsKit.HttpApi", "src\Volo.CmsKit.HttpApi\Volo.CmsKit.HttpApi.csproj", "{A0925E9A-89FD-36CF-3DDD-873923AECDA8}"
EndProject
Project("{FAE04EC0-301F-11D3-BF4B-00C04F79EFBC}") = "Volo.CmsKit.HttpApi.Client", "src\Volo.CmsKit.HttpApi.Client\Volo.CmsKit.HttpApi.Client.csproj", "{2A349849-EB13-561B-1A93-163AC5D30791}"
EndProject
Project("{FAE04EC0-301F-11D3-BF4B-00C04F79EFBC}") = "Volo.CmsKit.Installer", "src\Volo.CmsKit.Installer\Volo.CmsKit.Installer.csproj", "{6144F024-2943-ECB9-2208-893756B1C491}"
EndProject
Project("{FAE04EC0-301F-11D3-BF4B-00C04F79EFBC}") = "Volo.CmsKit.MongoDB", "src\Volo.CmsKit.MongoDB\Volo.CmsKit.MongoDB.csproj", "{FC31205F-5AE8-FE82-1DF3-9EB7BF105B2A}"
EndProject
Project("{FAE04EC0-301F-11D3-BF4B-00C04F79EFBC}") = "Volo.CmsKit.Public.Application", "src\Volo.CmsKit.Public.Application\Volo.CmsKit.Public.Application.csproj", "{B9E343D8-E030-04A9-6DB1-A62210266BA1}"
EndProject
Project("{FAE04EC0-301F-11D3-BF4B-00C04F79EFBC}") = "Volo.CmsKit.Public.Application.Contracts", "src\Volo.CmsKit.Public.Application.Contracts\Volo.CmsKit.Public.Application.Contracts.csproj", "{E7D6ACC1-EEB9-3978-4A09-73A867EB12F7}"
EndProject
Project("{FAE04EC0-301F-11D3-BF4B-00C04F79EFBC}") = "Volo.CmsKit.Public.HttpApi", "src\Volo.CmsKit.Public.HttpApi\Volo.CmsKit.Public.HttpApi.csproj", "{C18194C1-D6FE-0DCD-E8D4-637EE9B9E33F}"
EndProject
Project("{FAE04EC0-301F-11D3-BF4B-00C04F79EFBC}") = "Volo.CmsKit.Public.HttpApi.Client", "src\Volo.CmsKit.Public.HttpApi.Client\Volo.CmsKit.Public.HttpApi.Client.csproj", "{A6748E12-BADA-7A6B-D6FD-1A5D56FBB297}"
EndProject
Project("{FAE04EC0-301F-11D3-BF4B-00C04F79EFBC}") = "Volo.CmsKit.Public.Web", "src\Volo.CmsKit.Public.Web\Volo.CmsKit.Public.Web.csproj", "{93E62A96-25D5-2517-4034-74066B2956A2}"
EndProject
Project("{FAE04EC0-301F-11D3-BF4B-00C04F79EFBC}") = "Volo.CmsKit.Web", "src\Volo.CmsKit.Web\Volo.CmsKit.Web.csproj", "{E8F40B89-F36A-0797-B2A2-9E7FEE955F24}"
EndProject
Project("{FAE04EC0-301F-11D3-BF4B-00C04F79EFBC}") = "Volo.CmsKit.Application.Tests", "test\Volo.CmsKit.Application.Tests\Volo.CmsKit.Application.Tests.csproj", "{3D77A6E8-F40B-E837-386E-69A6D9893891}"
EndProject
Project("{FAE04EC0-301F-11D3-BF4B-00C04F79EFBC}") = "Volo.CmsKit.Domain.Tests", "test\Volo.CmsKit.Domain.Tests\Volo.CmsKit.Domain.Tests.csproj", "{B41293EC-58AD-9900-BB64-6A054265F588}"
EndProject
Project("{FAE04EC0-301F-11D3-BF4B-00C04F79EFBC}") = "Volo.CmsKit.EntityFrameworkCore.Tests", "test\Volo.CmsKit.EntityFrameworkCore.Tests\Volo.CmsKit.EntityFrameworkCore.Tests.csproj", "{5C6301DA-CD0C-86CE-CB42-927C95A76822}"
EndProject
Project("{FAE04EC0-301F-11D3-BF4B-00C04F79EFBC}") = "Volo.CmsKit.HttpApi.Client.ConsoleTestApp", "test\Volo.CmsKit.HttpApi.Client.ConsoleTestApp\Volo.CmsKit.HttpApi.Client.ConsoleTestApp.csproj", "{9D588BB4-555D-0FBC-F1AE-B908490D1DF4}"
EndProject
Project("{FAE04EC0-301F-11D3-BF4B-00C04F79EFBC}") = "Volo.CmsKit.MongoDB.Tests", "test\Volo.CmsKit.MongoDB.Tests\Volo.CmsKit.MongoDB.Tests.csproj", "{8573C68F-F6C7-10DF-540D-39BAAC59E23F}"
EndProject
Project("{FAE04EC0-301F-11D3-BF4B-00C04F79EFBC}") = "Volo.CmsKit.TestBase", "test\Volo.CmsKit.TestBase\Volo.CmsKit.TestBase.csproj", "{BCC00775-F223-2602-6DF0-F33FCB817746}"
EndProject
Global
	GlobalSection(SolutionConfigurationPlatforms) = preSolution
		Debug|Any CPU = Debug|Any CPU
		Release|Any CPU = Release|Any CPU
	EndGlobalSection
	GlobalSection(ProjectConfigurationPlatforms) = postSolution
		{A9DC1FBA-7968-8F30-AA30-35EACD71327C}.Debug|Any CPU.ActiveCfg = Debug|Any CPU
		{A9DC1FBA-7968-8F30-AA30-35EACD71327C}.Debug|Any CPU.Build.0 = Debug|Any CPU
		{A9DC1FBA-7968-8F30-AA30-35EACD71327C}.Release|Any CPU.ActiveCfg = Release|Any CPU
		{A9DC1FBA-7968-8F30-AA30-35EACD71327C}.Release|Any CPU.Build.0 = Release|Any CPU
		{8F44EA7D-3DE9-E1F1-F608-ED6AEB437AC8}.Debug|Any CPU.ActiveCfg = Debug|Any CPU
		{8F44EA7D-3DE9-E1F1-F608-ED6AEB437AC8}.Debug|Any CPU.Build.0 = Debug|Any CPU
		{8F44EA7D-3DE9-E1F1-F608-ED6AEB437AC8}.Release|Any CPU.ActiveCfg = Release|Any CPU
		{8F44EA7D-3DE9-E1F1-F608-ED6AEB437AC8}.Release|Any CPU.Build.0 = Release|Any CPU
		{5EC2BB25-1F9B-6343-4C96-DA36B9085C7F}.Debug|Any CPU.ActiveCfg = Debug|Any CPU
		{5EC2BB25-1F9B-6343-4C96-DA36B9085C7F}.Debug|Any CPU.Build.0 = Debug|Any CPU
		{5EC2BB25-1F9B-6343-4C96-DA36B9085C7F}.Release|Any CPU.ActiveCfg = Release|Any CPU
		{5EC2BB25-1F9B-6343-4C96-DA36B9085C7F}.Release|Any CPU.Build.0 = Release|Any CPU
		{2193314A-0C18-AAEB-BE8A-BB02B4AE8531}.Debug|Any CPU.ActiveCfg = Debug|Any CPU
		{2193314A-0C18-AAEB-BE8A-BB02B4AE8531}.Debug|Any CPU.Build.0 = Debug|Any CPU
		{2193314A-0C18-AAEB-BE8A-BB02B4AE8531}.Release|Any CPU.ActiveCfg = Release|Any CPU
		{2193314A-0C18-AAEB-BE8A-BB02B4AE8531}.Release|Any CPU.Build.0 = Release|Any CPU
		{60B47F91-BA1E-B2E5-0DC7-AC8351C77EBA}.Debug|Any CPU.ActiveCfg = Debug|Any CPU
		{60B47F91-BA1E-B2E5-0DC7-AC8351C77EBA}.Debug|Any CPU.Build.0 = Debug|Any CPU
		{60B47F91-BA1E-B2E5-0DC7-AC8351C77EBA}.Release|Any CPU.ActiveCfg = Release|Any CPU
		{60B47F91-BA1E-B2E5-0DC7-AC8351C77EBA}.Release|Any CPU.Build.0 = Release|Any CPU
		{17FE7DA3-E53F-8D6A-9F3F-C25904588681}.Debug|Any CPU.ActiveCfg = Debug|Any CPU
		{17FE7DA3-E53F-8D6A-9F3F-C25904588681}.Debug|Any CPU.Build.0 = Debug|Any CPU
		{17FE7DA3-E53F-8D6A-9F3F-C25904588681}.Release|Any CPU.ActiveCfg = Release|Any CPU
		{17FE7DA3-E53F-8D6A-9F3F-C25904588681}.Release|Any CPU.Build.0 = Release|Any CPU
		{C852CE12-93C9-2846-177D-241DFDFF942D}.Debug|Any CPU.ActiveCfg = Debug|Any CPU
		{C852CE12-93C9-2846-177D-241DFDFF942D}.Debug|Any CPU.Build.0 = Debug|Any CPU
		{C852CE12-93C9-2846-177D-241DFDFF942D}.Release|Any CPU.ActiveCfg = Release|Any CPU
		{C852CE12-93C9-2846-177D-241DFDFF942D}.Release|Any CPU.Build.0 = Release|Any CPU
		{D8704107-B56F-43BD-0157-A46A063CE56B}.Debug|Any CPU.ActiveCfg = Debug|Any CPU
		{D8704107-B56F-43BD-0157-A46A063CE56B}.Debug|Any CPU.Build.0 = Debug|Any CPU
		{D8704107-B56F-43BD-0157-A46A063CE56B}.Release|Any CPU.ActiveCfg = Release|Any CPU
		{D8704107-B56F-43BD-0157-A46A063CE56B}.Release|Any CPU.Build.0 = Release|Any CPU
		{9CE59B6F-A512-EB67-A25D-5CBE2C2E0FDD}.Debug|Any CPU.ActiveCfg = Debug|Any CPU
		{9CE59B6F-A512-EB67-A25D-5CBE2C2E0FDD}.Debug|Any CPU.Build.0 = Debug|Any CPU
		{9CE59B6F-A512-EB67-A25D-5CBE2C2E0FDD}.Release|Any CPU.ActiveCfg = Release|Any CPU
		{9CE59B6F-A512-EB67-A25D-5CBE2C2E0FDD}.Release|Any CPU.Build.0 = Release|Any CPU
		{27595C60-AB60-C475-05C9-C0CFA2FCECA4}.Debug|Any CPU.ActiveCfg = Debug|Any CPU
		{27595C60-AB60-C475-05C9-C0CFA2FCECA4}.Debug|Any CPU.Build.0 = Debug|Any CPU
		{27595C60-AB60-C475-05C9-C0CFA2FCECA4}.Release|Any CPU.ActiveCfg = Release|Any CPU
		{27595C60-AB60-C475-05C9-C0CFA2FCECA4}.Release|Any CPU.Build.0 = Release|Any CPU
		{B75D1AC8-0C03-FA2F-3928-52E810670B2C}.Debug|Any CPU.ActiveCfg = Debug|Any CPU
		{B75D1AC8-0C03-FA2F-3928-52E810670B2C}.Debug|Any CPU.Build.0 = Debug|Any CPU
		{B75D1AC8-0C03-FA2F-3928-52E810670B2C}.Release|Any CPU.ActiveCfg = Release|Any CPU
		{B75D1AC8-0C03-FA2F-3928-52E810670B2C}.Release|Any CPU.Build.0 = Release|Any CPU
		{BFF50C96-A25E-D488-0487-DE7672766C5C}.Debug|Any CPU.ActiveCfg = Debug|Any CPU
		{BFF50C96-A25E-D488-0487-DE7672766C5C}.Debug|Any CPU.Build.0 = Debug|Any CPU
		{BFF50C96-A25E-D488-0487-DE7672766C5C}.Release|Any CPU.ActiveCfg = Release|Any CPU
		{BFF50C96-A25E-D488-0487-DE7672766C5C}.Release|Any CPU.Build.0 = Release|Any CPU
		{169F8B89-E3E3-7508-C8F7-4A6AA0B08AD2}.Debug|Any CPU.ActiveCfg = Debug|Any CPU
		{169F8B89-E3E3-7508-C8F7-4A6AA0B08AD2}.Debug|Any CPU.Build.0 = Debug|Any CPU
		{169F8B89-E3E3-7508-C8F7-4A6AA0B08AD2}.Release|Any CPU.ActiveCfg = Release|Any CPU
		{169F8B89-E3E3-7508-C8F7-4A6AA0B08AD2}.Release|Any CPU.Build.0 = Release|Any CPU
		{0A6C519A-FA96-D569-4786-171588F8A095}.Debug|Any CPU.ActiveCfg = Debug|Any CPU
		{0A6C519A-FA96-D569-4786-171588F8A095}.Debug|Any CPU.Build.0 = Debug|Any CPU
		{0A6C519A-FA96-D569-4786-171588F8A095}.Release|Any CPU.ActiveCfg = Release|Any CPU
		{0A6C519A-FA96-D569-4786-171588F8A095}.Release|Any CPU.Build.0 = Release|Any CPU
		{39DF53AD-FAFC-6C14-A239-F3C5E7CA217D}.Debug|Any CPU.ActiveCfg = Debug|Any CPU
		{39DF53AD-FAFC-6C14-A239-F3C5E7CA217D}.Debug|Any CPU.Build.0 = Debug|Any CPU
		{39DF53AD-FAFC-6C14-A239-F3C5E7CA217D}.Release|Any CPU.ActiveCfg = Release|Any CPU
		{39DF53AD-FAFC-6C14-A239-F3C5E7CA217D}.Release|Any CPU.Build.0 = Release|Any CPU
		{D599E3FF-9217-396F-9A94-46E4BC7AAAA2}.Debug|Any CPU.ActiveCfg = Debug|Any CPU
		{D599E3FF-9217-396F-9A94-46E4BC7AAAA2}.Debug|Any CPU.Build.0 = Debug|Any CPU
		{D599E3FF-9217-396F-9A94-46E4BC7AAAA2}.Release|Any CPU.ActiveCfg = Release|Any CPU
		{D599E3FF-9217-396F-9A94-46E4BC7AAAA2}.Release|Any CPU.Build.0 = Release|Any CPU
		{14318BAB-AAFD-D198-8AB5-2AAEE82B2F74}.Debug|Any CPU.ActiveCfg = Debug|Any CPU
		{14318BAB-AAFD-D198-8AB5-2AAEE82B2F74}.Debug|Any CPU.Build.0 = Debug|Any CPU
		{14318BAB-AAFD-D198-8AB5-2AAEE82B2F74}.Release|Any CPU.ActiveCfg = Release|Any CPU
		{14318BAB-AAFD-D198-8AB5-2AAEE82B2F74}.Release|Any CPU.Build.0 = Release|Any CPU
		{3CEC476B-7EFD-9B81-543A-9DBF63C16570}.Debug|Any CPU.ActiveCfg = Debug|Any CPU
		{3CEC476B-7EFD-9B81-543A-9DBF63C16570}.Debug|Any CPU.Build.0 = Debug|Any CPU
		{3CEC476B-7EFD-9B81-543A-9DBF63C16570}.Release|Any CPU.ActiveCfg = Release|Any CPU
		{3CEC476B-7EFD-9B81-543A-9DBF63C16570}.Release|Any CPU.Build.0 = Release|Any CPU
		{1952D205-F32E-5DA1-355A-B127D494C259}.Debug|Any CPU.ActiveCfg = Debug|Any CPU
		{1952D205-F32E-5DA1-355A-B127D494C259}.Debug|Any CPU.Build.0 = Debug|Any CPU
		{1952D205-F32E-5DA1-355A-B127D494C259}.Release|Any CPU.ActiveCfg = Release|Any CPU
		{1952D205-F32E-5DA1-355A-B127D494C259}.Release|Any CPU.Build.0 = Release|Any CPU
		{2DE47304-B2D7-03EA-6B13-6AEAA9DF20ED}.Debug|Any CPU.ActiveCfg = Debug|Any CPU
		{2DE47304-B2D7-03EA-6B13-6AEAA9DF20ED}.Debug|Any CPU.Build.0 = Debug|Any CPU
		{2DE47304-B2D7-03EA-6B13-6AEAA9DF20ED}.Release|Any CPU.ActiveCfg = Release|Any CPU
		{2DE47304-B2D7-03EA-6B13-6AEAA9DF20ED}.Release|Any CPU.Build.0 = Release|Any CPU
		{A0925E9A-89FD-36CF-3DDD-873923AECDA8}.Debug|Any CPU.ActiveCfg = Debug|Any CPU
		{A0925E9A-89FD-36CF-3DDD-873923AECDA8}.Debug|Any CPU.Build.0 = Debug|Any CPU
		{A0925E9A-89FD-36CF-3DDD-873923AECDA8}.Release|Any CPU.ActiveCfg = Release|Any CPU
		{A0925E9A-89FD-36CF-3DDD-873923AECDA8}.Release|Any CPU.Build.0 = Release|Any CPU
		{2A349849-EB13-561B-1A93-163AC5D30791}.Debug|Any CPU.ActiveCfg = Debug|Any CPU
		{2A349849-EB13-561B-1A93-163AC5D30791}.Debug|Any CPU.Build.0 = Debug|Any CPU
		{2A349849-EB13-561B-1A93-163AC5D30791}.Release|Any CPU.ActiveCfg = Release|Any CPU
		{2A349849-EB13-561B-1A93-163AC5D30791}.Release|Any CPU.Build.0 = Release|Any CPU
		{6144F024-2943-ECB9-2208-893756B1C491}.Debug|Any CPU.ActiveCfg = Debug|Any CPU
		{6144F024-2943-ECB9-2208-893756B1C491}.Debug|Any CPU.Build.0 = Debug|Any CPU
		{6144F024-2943-ECB9-2208-893756B1C491}.Release|Any CPU.ActiveCfg = Release|Any CPU
		{6144F024-2943-ECB9-2208-893756B1C491}.Release|Any CPU.Build.0 = Release|Any CPU
		{FC31205F-5AE8-FE82-1DF3-9EB7BF105B2A}.Debug|Any CPU.ActiveCfg = Debug|Any CPU
		{FC31205F-5AE8-FE82-1DF3-9EB7BF105B2A}.Debug|Any CPU.Build.0 = Debug|Any CPU
		{FC31205F-5AE8-FE82-1DF3-9EB7BF105B2A}.Release|Any CPU.ActiveCfg = Release|Any CPU
		{FC31205F-5AE8-FE82-1DF3-9EB7BF105B2A}.Release|Any CPU.Build.0 = Release|Any CPU
		{B9E343D8-E030-04A9-6DB1-A62210266BA1}.Debug|Any CPU.ActiveCfg = Debug|Any CPU
		{B9E343D8-E030-04A9-6DB1-A62210266BA1}.Debug|Any CPU.Build.0 = Debug|Any CPU
		{B9E343D8-E030-04A9-6DB1-A62210266BA1}.Release|Any CPU.ActiveCfg = Release|Any CPU
		{B9E343D8-E030-04A9-6DB1-A62210266BA1}.Release|Any CPU.Build.0 = Release|Any CPU
		{E7D6ACC1-EEB9-3978-4A09-73A867EB12F7}.Debug|Any CPU.ActiveCfg = Debug|Any CPU
		{E7D6ACC1-EEB9-3978-4A09-73A867EB12F7}.Debug|Any CPU.Build.0 = Debug|Any CPU
		{E7D6ACC1-EEB9-3978-4A09-73A867EB12F7}.Release|Any CPU.ActiveCfg = Release|Any CPU
		{E7D6ACC1-EEB9-3978-4A09-73A867EB12F7}.Release|Any CPU.Build.0 = Release|Any CPU
		{C18194C1-D6FE-0DCD-E8D4-637EE9B9E33F}.Debug|Any CPU.ActiveCfg = Debug|Any CPU
		{C18194C1-D6FE-0DCD-E8D4-637EE9B9E33F}.Debug|Any CPU.Build.0 = Debug|Any CPU
		{C18194C1-D6FE-0DCD-E8D4-637EE9B9E33F}.Release|Any CPU.ActiveCfg = Release|Any CPU
		{C18194C1-D6FE-0DCD-E8D4-637EE9B9E33F}.Release|Any CPU.Build.0 = Release|Any CPU
		{A6748E12-BADA-7A6B-D6FD-1A5D56FBB297}.Debug|Any CPU.ActiveCfg = Debug|Any CPU
		{A6748E12-BADA-7A6B-D6FD-1A5D56FBB297}.Debug|Any CPU.Build.0 = Debug|Any CPU
		{A6748E12-BADA-7A6B-D6FD-1A5D56FBB297}.Release|Any CPU.ActiveCfg = Release|Any CPU
		{A6748E12-BADA-7A6B-D6FD-1A5D56FBB297}.Release|Any CPU.Build.0 = Release|Any CPU
		{93E62A96-25D5-2517-4034-74066B2956A2}.Debug|Any CPU.ActiveCfg = Debug|Any CPU
		{93E62A96-25D5-2517-4034-74066B2956A2}.Debug|Any CPU.Build.0 = Debug|Any CPU
		{93E62A96-25D5-2517-4034-74066B2956A2}.Release|Any CPU.ActiveCfg = Release|Any CPU
		{93E62A96-25D5-2517-4034-74066B2956A2}.Release|Any CPU.Build.0 = Release|Any CPU
		{E8F40B89-F36A-0797-B2A2-9E7FEE955F24}.Debug|Any CPU.ActiveCfg = Debug|Any CPU
		{E8F40B89-F36A-0797-B2A2-9E7FEE955F24}.Debug|Any CPU.Build.0 = Debug|Any CPU
		{E8F40B89-F36A-0797-B2A2-9E7FEE955F24}.Release|Any CPU.ActiveCfg = Release|Any CPU
		{E8F40B89-F36A-0797-B2A2-9E7FEE955F24}.Release|Any CPU.Build.0 = Release|Any CPU
		{3D77A6E8-F40B-E837-386E-69A6D9893891}.Debug|Any CPU.ActiveCfg = Debug|Any CPU
		{3D77A6E8-F40B-E837-386E-69A6D9893891}.Debug|Any CPU.Build.0 = Debug|Any CPU
		{3D77A6E8-F40B-E837-386E-69A6D9893891}.Release|Any CPU.ActiveCfg = Release|Any CPU
		{3D77A6E8-F40B-E837-386E-69A6D9893891}.Release|Any CPU.Build.0 = Release|Any CPU
		{B41293EC-58AD-9900-BB64-6A054265F588}.Debug|Any CPU.ActiveCfg = Debug|Any CPU
		{B41293EC-58AD-9900-BB64-6A054265F588}.Debug|Any CPU.Build.0 = Debug|Any CPU
		{B41293EC-58AD-9900-BB64-6A054265F588}.Release|Any CPU.ActiveCfg = Release|Any CPU
		{B41293EC-58AD-9900-BB64-6A054265F588}.Release|Any CPU.Build.0 = Release|Any CPU
		{5C6301DA-CD0C-86CE-CB42-927C95A76822}.Debug|Any CPU.ActiveCfg = Debug|Any CPU
		{5C6301DA-CD0C-86CE-CB42-927C95A76822}.Debug|Any CPU.Build.0 = Debug|Any CPU
		{5C6301DA-CD0C-86CE-CB42-927C95A76822}.Release|Any CPU.ActiveCfg = Release|Any CPU
		{5C6301DA-CD0C-86CE-CB42-927C95A76822}.Release|Any CPU.Build.0 = Release|Any CPU
		{9D588BB4-555D-0FBC-F1AE-B908490D1DF4}.Debug|Any CPU.ActiveCfg = Debug|Any CPU
		{9D588BB4-555D-0FBC-F1AE-B908490D1DF4}.Debug|Any CPU.Build.0 = Debug|Any CPU
		{9D588BB4-555D-0FBC-F1AE-B908490D1DF4}.Release|Any CPU.ActiveCfg = Release|Any CPU
		{9D588BB4-555D-0FBC-F1AE-B908490D1DF4}.Release|Any CPU.Build.0 = Release|Any CPU
		{8573C68F-F6C7-10DF-540D-39BAAC59E23F}.Debug|Any CPU.ActiveCfg = Debug|Any CPU
		{8573C68F-F6C7-10DF-540D-39BAAC59E23F}.Debug|Any CPU.Build.0 = Debug|Any CPU
		{8573C68F-F6C7-10DF-540D-39BAAC59E23F}.Release|Any CPU.ActiveCfg = Release|Any CPU
		{8573C68F-F6C7-10DF-540D-39BAAC59E23F}.Release|Any CPU.Build.0 = Release|Any CPU
		{BCC00775-F223-2602-6DF0-F33FCB817746}.Debug|Any CPU.ActiveCfg = Debug|Any CPU
		{BCC00775-F223-2602-6DF0-F33FCB817746}.Debug|Any CPU.Build.0 = Debug|Any CPU
		{BCC00775-F223-2602-6DF0-F33FCB817746}.Release|Any CPU.ActiveCfg = Release|Any CPU
		{BCC00775-F223-2602-6DF0-F33FCB817746}.Release|Any CPU.Build.0 = Release|Any CPU
	EndGlobalSection
	GlobalSection(SolutionProperties) = preSolution
		HideSolutionNode = FALSE
	EndGlobalSection
	GlobalSection(NestedProjects) = preSolution
		{A9DC1FBA-7968-8F30-AA30-35EACD71327C} = {7226ABEA-787E-1D09-10EA-A2ECF996D6A6}
		{8F44EA7D-3DE9-E1F1-F608-ED6AEB437AC8} = {7226ABEA-787E-1D09-10EA-A2ECF996D6A6}
		{5EC2BB25-1F9B-6343-4C96-DA36B9085C7F} = {7226ABEA-787E-1D09-10EA-A2ECF996D6A6}
		{2193314A-0C18-AAEB-BE8A-BB02B4AE8531} = {7226ABEA-787E-1D09-10EA-A2ECF996D6A6}
		{60B47F91-BA1E-B2E5-0DC7-AC8351C77EBA} = {7226ABEA-787E-1D09-10EA-A2ECF996D6A6}
		{17FE7DA3-E53F-8D6A-9F3F-C25904588681} = {827E0CD3-B72D-47B6-A68D-7590B98EB39B}
		{C852CE12-93C9-2846-177D-241DFDFF942D} = {827E0CD3-B72D-47B6-A68D-7590B98EB39B}
		{D8704107-B56F-43BD-0157-A46A063CE56B} = {827E0CD3-B72D-47B6-A68D-7590B98EB39B}
		{9CE59B6F-A512-EB67-A25D-5CBE2C2E0FDD} = {827E0CD3-B72D-47B6-A68D-7590B98EB39B}
		{27595C60-AB60-C475-05C9-C0CFA2FCECA4} = {827E0CD3-B72D-47B6-A68D-7590B98EB39B}
		{B75D1AC8-0C03-FA2F-3928-52E810670B2C} = {827E0CD3-B72D-47B6-A68D-7590B98EB39B}
		{BFF50C96-A25E-D488-0487-DE7672766C5C} = {827E0CD3-B72D-47B6-A68D-7590B98EB39B}
		{169F8B89-E3E3-7508-C8F7-4A6AA0B08AD2} = {827E0CD3-B72D-47B6-A68D-7590B98EB39B}
		{0A6C519A-FA96-D569-4786-171588F8A095} = {827E0CD3-B72D-47B6-A68D-7590B98EB39B}
		{39DF53AD-FAFC-6C14-A239-F3C5E7CA217D} = {827E0CD3-B72D-47B6-A68D-7590B98EB39B}
		{D599E3FF-9217-396F-9A94-46E4BC7AAAA2} = {827E0CD3-B72D-47B6-A68D-7590B98EB39B}
		{14318BAB-AAFD-D198-8AB5-2AAEE82B2F74} = {827E0CD3-B72D-47B6-A68D-7590B98EB39B}
		{3CEC476B-7EFD-9B81-543A-9DBF63C16570} = {827E0CD3-B72D-47B6-A68D-7590B98EB39B}
		{1952D205-F32E-5DA1-355A-B127D494C259} = {827E0CD3-B72D-47B6-A68D-7590B98EB39B}
		{2DE47304-B2D7-03EA-6B13-6AEAA9DF20ED} = {827E0CD3-B72D-47B6-A68D-7590B98EB39B}
		{A0925E9A-89FD-36CF-3DDD-873923AECDA8} = {827E0CD3-B72D-47B6-A68D-7590B98EB39B}
		{2A349849-EB13-561B-1A93-163AC5D30791} = {827E0CD3-B72D-47B6-A68D-7590B98EB39B}
		{6144F024-2943-ECB9-2208-893756B1C491} = {827E0CD3-B72D-47B6-A68D-7590B98EB39B}
		{FC31205F-5AE8-FE82-1DF3-9EB7BF105B2A} = {827E0CD3-B72D-47B6-A68D-7590B98EB39B}
		{B9E343D8-E030-04A9-6DB1-A62210266BA1} = {827E0CD3-B72D-47B6-A68D-7590B98EB39B}
		{E7D6ACC1-EEB9-3978-4A09-73A867EB12F7} = {827E0CD3-B72D-47B6-A68D-7590B98EB39B}
		{C18194C1-D6FE-0DCD-E8D4-637EE9B9E33F} = {827E0CD3-B72D-47B6-A68D-7590B98EB39B}
		{A6748E12-BADA-7A6B-D6FD-1A5D56FBB297} = {827E0CD3-B72D-47B6-A68D-7590B98EB39B}
		{93E62A96-25D5-2517-4034-74066B2956A2} = {827E0CD3-B72D-47B6-A68D-7590B98EB39B}
		{E8F40B89-F36A-0797-B2A2-9E7FEE955F24} = {827E0CD3-B72D-47B6-A68D-7590B98EB39B}
		{3D77A6E8-F40B-E837-386E-69A6D9893891} = {0C88DD14-F956-CE84-757C-A364CCF449FC}
		{B41293EC-58AD-9900-BB64-6A054265F588} = {0C88DD14-F956-CE84-757C-A364CCF449FC}
		{5C6301DA-CD0C-86CE-CB42-927C95A76822} = {0C88DD14-F956-CE84-757C-A364CCF449FC}
		{9D588BB4-555D-0FBC-F1AE-B908490D1DF4} = {0C88DD14-F956-CE84-757C-A364CCF449FC}
		{8573C68F-F6C7-10DF-540D-39BAAC59E23F} = {0C88DD14-F956-CE84-757C-A364CCF449FC}
		{BCC00775-F223-2602-6DF0-F33FCB817746} = {0C88DD14-F956-CE84-757C-A364CCF449FC}
	EndGlobalSection
	GlobalSection(ExtensibilityGlobals) = postSolution
		SolutionGuid = {1B7076EC-8847-4856-A17B-D5E57F86136E}
	EndGlobalSection
EndGlobal
